
Microsoft Visual Studio Solution File, Format Version 12.00
# Visual Studio 15
VisualStudioVersion = 15.0.28010.2026
MinimumVisualStudioVersion = 10.0.40219.1
Project("{8BC9CEB8-8B4A-11D0-8D11-00A0C91BC942}") = "Simple-Boss-Override", "Simple-Boss-Override\Simple-Boss-Override.vcxproj", "{6BC6DF2A-F2A6-4720-9C41-969EFCEB731C}"
EndProject
Global
	GlobalSection(SolutionConfigurationPlatforms) = preSolution
		Debug|x64 = Debug|x64
		Debug|x86 = Debug|x86
		Release|x64 = Release|x64
		Release|x86 = Release|x86
	EndGlobalSection
	GlobalSection(ProjectConfigurationPlatforms) = postSolution
		{6BC6DF2A-F2A6-4720-9C41-969EFCEB731C}.Debug|x64.ActiveCfg = Debug|x64
		{6BC6DF2A-F2A6-4720-9C41-969EFCEB731C}.Debug|x64.Build.0 = Debug|x64
		{6BC6DF2A-F2A6-4720-9C41-969EFCEB731C}.Debug|x86.ActiveCfg = Debug|Win32
		{6BC6DF2A-F2A6-4720-9C41-969EFCEB731C}.Debug|x86.Build.0 = Debug|Win32
		{6BC6DF2A-F2A6-4720-9C41-969EFCEB731C}.Release|x64.ActiveCfg = Release|x64
		{6BC6DF2A-F2A6-4720-9C41-969EFCEB731C}.Release|x64.Build.0 = Release|x64
		{6BC6DF2A-F2A6-4720-9C41-969EFCEB731C}.Release|x86.ActiveCfg = Release|Win32
		{6BC6DF2A-F2A6-4720-9C41-969EFCEB731C}.Release|x86.Build.0 = Release|Win32
	EndGlobalSection
	GlobalSection(SolutionProperties) = preSolution
		HideSolutionNode = FALSE
	EndGlobalSection
	GlobalSection(ExtensibilityGlobals) = postSolution
		SolutionGuid = {63158F10-729E-412F-BE21-4C0B4EF2C2F1}
	EndGlobalSection
EndGlobal
